<?xml version="1.0" encoding="utf-8"?>
<Project ToolsVersion="4.0" xmlns="http://schemas.microsoft.com/developer/msbuild/2003">
  <ItemGroup>
    <FxCompile Include="Shaders\Basic\Collider.hlsl" />
    <Filter Include="소스 파일">
      <UniqueIdentifier>{4FC737F1-C7A5-4376-A066-2A32D752A2FF}</UniqueIdentifier>
      <Extensions>cpp;c;cc;cxx;c++;cppm;ixx;def;odl;idl;hpj;bat;asm;asmx</Extensions>
    </Filter>
    <Filter Include="헤더 파일">
      <UniqueIdentifier>{93995380-89BD-4b04-88EB-625FBE52EBFB}</UniqueIdentifier>
      <Extensions>h;hh;hpp;hxx;h++;hm;inl;inc;ipp;xsd</Extensions>
    </Filter>
    <Filter Include="리소스 파일">
      <UniqueIdentifier>{67DA6AB6-F800-4c08-8B7A-83BB121AAD01}</UniqueIdentifier>
      <Extensions>rc;ico;cur;bmp;dlg;rc2;rct;bin;rgs;gif;jpg;jpeg;jpe;resx;tiff;tif;png;wav;mfcribbon-ms</Extensions>
    </Filter>
  </ItemGroup>
  <ItemGroup>
    <ClInclude Include="Framework.h">
      <Filter>헤더 파일</Filter>
    </ClInclude>
    <ClInclude Include="targetver.h">
      <Filter>헤더 파일</Filter>
    </ClInclude>
    <ClInclude Include="Resource.h">
      <Filter>헤더 파일</Filter>
    </ClInclude>
    <ClInclude Include="DirectX3D.h">
      <Filter>헤더 파일</Filter>
    </ClInclude>
    <ClInclude Include="Manager\GameManager.h">
      <Filter>헤더 파일</Filter>
    </ClInclude>
    <ClInclude Include="Manager\SceneManager.h">
      <Filter>헤더 파일</Filter>
    </ClInclude>
    <ClInclude Include="Framework\Utilities\Singleton.h">
      <Filter>헤더 파일</Filter>
    </ClInclude>
    <ClInclude Include="Framework\System\Device.h">
      <Filter>헤더 파일</Filter>
    </ClInclude>
    <ClInclude Include="Framework\Buffer\ConstBuffer.h">
      <Filter>헤더 파일</Filter>
    </ClInclude>
    <ClInclude Include="Framework\Buffer\GlobalBuffer.h">
      <Filter>헤더 파일</Filter>
    </ClInclude>
    <ClInclude Include="Framework\Buffer\IndexBuffer.h">
      <Filter>헤더 파일</Filter>
    </ClInclude>
    <ClInclude Include="Framework\Buffer\VertexBuffer.h">
      <Filter>헤더 파일</Filter>
    </ClInclude>
    <ClInclude Include="Framework\Buffer\VertexLayouts.h">
      <Filter>헤더 파일</Filter>
    </ClInclude>
    <ClInclude Include="Framework\Shader\PixelShader.h">
      <Filter>헤더 파일</Filter>
    </ClInclude>
    <ClInclude Include="Framework\Shader\Shader.h">
      <Filter>헤더 파일</Filter>
    </ClInclude>
    <ClInclude Include="Framework\Shader\VertexShader.h">
      <Filter>헤더 파일</Filter>
    </ClInclude>
    <ClInclude Include="Framework\Environment\Environment.h">
      <Filter>헤더 파일</Filter>
    </ClInclude>
    <ClInclude Include="Framework\Math\Vector3.h">
      <Filter>헤더 파일</Filter>
    </ClInclude>
    <ClInclude Include="Framework\Math\Vector2.h">
      <Filter>헤더 파일</Filter>
    </ClInclude>
    <ClInclude Include="Framework\Math\Transform.h">
      <Filter>헤더 파일</Filter>
    </ClInclude>
    <ClInclude Include="Framework\Math\GameMath.h">
      <Filter>헤더 파일</Filter>
    </ClInclude>
    <ClInclude Include="Framework\Utilities\BinaryReader.h">
      <Filter>헤더 파일</Filter>
    </ClInclude>
    <ClInclude Include="Framework\Utilities\BinaryWriter.h">
      <Filter>헤더 파일</Filter>
    </ClInclude>
    <ClInclude Include="Framework\Utilities\Keyboard.h">
      <Filter>헤더 파일</Filter>
    </ClInclude>
    <ClInclude Include="Framework\Utilities\Timer.h">
      <Filter>헤더 파일</Filter>
    </ClInclude>
    <ClInclude Include="Framework\Utilities\tinyxml2.h">
      <Filter>헤더 파일</Filter>
    </ClInclude>
    <ClInclude Include="Framework\Utilities\Utility.h">
      <Filter>헤더 파일</Filter>
    </ClInclude>
    <ClInclude Include="Framework\Utilities\Observer.h">
      <Filter>헤더 파일</Filter>
    </ClInclude>
    <ClInclude Include="Framework\Utilities\Font.h">
      <Filter>헤더 파일</Filter>
    </ClInclude>
    <ClInclude Include="Framework\Environment\Camera.h">
      <Filter>헤더 파일</Filter>
    </ClInclude>
    <ClInclude Include="Framework\Render\Texture.h">
      <Filter>헤더 파일</Filter>
    </ClInclude>
    <ClInclude Include="Framework\Render\Material.h">
      <Filter>헤더 파일</Filter>
    </ClInclude>
    <ClInclude Include="Framework\Render\Mesh.h">
      <Filter>헤더 파일</Filter>
    </ClInclude>
    <ClInclude Include="Framework\State\RasterizerState.h">
      <Filter>헤더 파일</Filter>
    </ClInclude>
    <ClInclude Include="Framework\State\SamplerState.h">
      <Filter>헤더 파일</Filter>
    </ClInclude>
    <ClInclude Include="Framework\Shader\ComputeShader.h">
      <Filter>헤더 파일</Filter>
    </ClInclude>
    <ClInclude Include="Framework\Buffer\RawBuffer.h">
      <Filter>헤더 파일</Filter>
    </ClInclude>
    <ClInclude Include="Framework\Buffer\StructuredBuffer.h">
      <Filter>헤더 파일</Filter>
    </ClInclude>
    <ClInclude Include="Framework\Collision\Collider.h">
      <Filter>헤더 파일</Filter>
    </ClInclude>
    <ClInclude Include="Framework\Collision\BoxCollider.h">
      <Filter>헤더 파일</Filter>
    </ClInclude>
    <ClInclude Include="Framework\Collision\SphereCollider.h">
      <Filter>헤더 파일</Filter>
    </ClInclude>
    <ClInclude Include="Framework\Collision\CapsuleCollider.h">
      <Filter>헤더 파일</Filter>
    </ClInclude>
    <ClInclude Include="Framework\State\BlendState.h">
      <Filter>헤더 파일</Filter>
    </ClInclude>
    <ClInclude Include="Framework\State\DepthStencilState.h">
      <Filter>헤더 파일</Filter>
    </ClInclude>
    <ClInclude Include="Framework\Model\ModelExporter.h">
      <Filter>헤더 파일</Filter>
    </ClInclude>
    <ClInclude Include="Framework\Model\ModelData.h">
      <Filter>헤더 파일</Filter>
    </ClInclude>
    <ClInclude Include="Framework\Model\Model.h">
      <Filter>헤더 파일</Filter>
    </ClInclude>
    <ClInclude Include="Framework\Model\ModelMesh.h">
      <Filter>헤더 파일</Filter>
    </ClInclude>
    <ClInclude Include="Framework\Model\ModelClip.h">
      <Filter>헤더 파일</Filter>
    </ClInclude>
    <ClInclude Include="Framework\Model\ModelAnimator.h">
      <Filter>헤더 파일</Filter>
    </ClInclude>
    <ClInclude Include="Framework\Model\ModelInstancing.h">
      <Filter>헤더 파일</Filter>
    </ClInclude>
    <ClInclude Include="Framework\Model\ModelAnimatorInstancing.h">
      <Filter>헤더 파일</Filter>
    </ClInclude>
    <ClInclude Include="Framework\Render\RenderTarget.h">
      <Filter>헤더 파일</Filter>
    </ClInclude>
    <ClInclude Include="Framework\Render\DepthStencil.h">
      <Filter>헤더 파일</Filter>
    </ClInclude>
    <ClInclude Include="Framework\Render\GBuffer.h">
      <Filter>헤더 파일</Filter>
    </ClInclude>
    <ClInclude Include="Framework\Environment\Shadow.h">
      <Filter>헤더 파일</Filter>
    </ClInclude>
    <ClInclude Include="Framework\Shader\GeometryShader.h">
      <Filter>헤더 파일</Filter>
    </ClInclude>
    <ClInclude Include="Framework\Utilities\Audio.h">
      <Filter>헤더 파일</Filter>
    </ClInclude>
    <ClInclude Include="Scenes\CollisionScene.h">
      <Filter>헤더 파일</Filter>
    </ClInclude>
    <ClInclude Include="Scenes\CubeScene.h">
      <Filter>헤더 파일</Filter>
    </ClInclude>
    <ClInclude Include="Scenes\GameScene.h">
      <Filter>헤더 파일</Filter>
    </ClInclude>
    <ClInclude Include="Scenes\GBufferScene.h">
      <Filter>헤더 파일</Filter>
    </ClInclude>
    <ClInclude Include="Scenes\GridScene.h">
      <Filter>헤더 파일</Filter>
    </ClInclude>
    <ClInclude Include="Scenes\HumanScene.h">
      <Filter>헤더 파일</Filter>
    </ClInclude>
    <ClInclude Include="Scenes\IntancingScene.h">
      <Filter>헤더 파일</Filter>
    </ClInclude>
    <ClInclude Include="Scenes\LightScene.h">
      <Filter>헤더 파일</Filter>
    </ClInclude>
    <ClInclude Include="Scenes\ModelAnimationScene.h">
      <Filter>헤더 파일</Filter>
    </ClInclude>
    <ClInclude Include="Scenes\ModelExportScene.h">
      <Filter>헤더 파일</Filter>
    </ClInclude>
    <ClInclude Include="Scenes\ModelRenderScene.h">
      <Filter>헤더 파일</Filter>
    </ClInclude>
    <ClInclude Include="Scenes\RenderTargetScene.h">
      <Filter>헤더 파일</Filter>
    </ClInclude>
    <ClInclude Include="Scenes\Scene.h">
      <Filter>헤더 파일</Filter>
    </ClInclude>
    <ClInclude Include="Scenes\ShadowScene.h">
      <Filter>헤더 파일</Filter>
    </ClInclude>
    <ClInclude Include="Scenes\SphereScene.h">
      <Filter>헤더 파일</Filter>
    </ClInclude>
    <ClInclude Include="Scenes\TerrainEditorScene.h">
      <Filter>헤더 파일</Filter>
    </ClInclude>
    <ClInclude Include="Scenes\TerrainScene.h">
      <Filter>헤더 파일</Filter>
    </ClInclude>
    <ClInclude Include="Objects\UI\ProgressBar.h">
      <Filter>헤더 파일</Filter>
    </ClInclude>
    <ClInclude Include="Objects\Manager\RobotManager.h">
      <Filter>헤더 파일</Filter>
    </ClInclude>
    <ClInclude Include="Objects\Manager\BlockManager.h">
      <Filter>헤더 파일</Filter>
    </ClInclude>
    <ClInclude Include="Objects\Manager\KunaiManager.h">
      <Filter>헤더 파일</Filter>
    </ClInclude>
    <ClInclude Include="Objects\Landscape\TerrainEditor.h">
      <Filter>헤더 파일</Filter>
    </ClInclude>
    <ClInclude Include="Objects\Landscape\SkyBox.h">
      <Filter>헤더 파일</Filter>
    </ClInclude>
    <ClInclude Include="Objects\Landscape\Terrain.h">
      <Filter>헤더 파일</Filter>
    </ClInclude>
    <ClInclude Include="Objects\Items\Weapons\Crowbar.h">
      <Filter>헤더 파일</Filter>
    </ClInclude>
    <ClInclude Include="Objects\Items\Weapons\Kunai.h">
      <Filter>헤더 파일</Filter>
    </ClInclude>
    <ClInclude Include="Objects\Character\Robot.h">
      <Filter>헤더 파일</Filter>
    </ClInclude>
    <ClInclude Include="Objects\Character\Human.h">
      <Filter>헤더 파일</Filter>
    </ClInclude>
    <ClInclude Include="Objects\Character\Naruto.h">
      <Filter>헤더 파일</Filter>
    </ClInclude>
    <ClInclude Include="Objects\Basic\Sphere.h">
      <Filter>헤더 파일</Filter>
    </ClInclude>
    <ClInclude Include="Objects\Basic\Cube.h">
      <Filter>헤더 파일</Filter>
    </ClInclude>
    <ClInclude Include="Objects\Basic\Cylinder.h">
      <Filter>헤더 파일</Filter>
    </ClInclude>
    <ClInclude Include="Objects\Basic\GameObject.h">
      <Filter>헤더 파일</Filter>
    </ClInclude>
    <ClInclude Include="Objects\Basic\Quad.h">
      <Filter>헤더 파일</Filter>
    </ClInclude>
    <ClInclude Include="Objects\Actor\ActorUI.h">
      <Filter>헤더 파일</Filter>
    </ClInclude>
    <ClInclude Include="Objects\Algorithm\Node.h">
      <Filter>헤더 파일</Filter>
    </ClInclude>
    <ClInclude Include="Objects\Algorithm\Heap.h">
      <Filter>헤더 파일</Filter>
    </ClInclude>
    <ClInclude Include="Objects\Algorithm\AStar.h">
      <Filter>헤더 파일</Filter>
    </ClInclude>
    <ClInclude Include="Objects\Character\Fox.h">
      <Filter>헤더 파일</Filter>
    </ClInclude>
    <ClInclude Include="Scenes\AStarScene.h">
      <Filter>헤더 파일</Filter>
    </ClInclude>
    <ClInclude Include="Objects\Test\TestLight.h">
      <Filter>헤더 파일</Filter>
    </ClInclude>
    <ClInclude Include="Scenes\BillboardScene.h">
      <Filter>헤더 파일</Filter>
    </ClInclude>
    <ClInclude Include="Objects\Particle\ParticleSystem.h">
      <Filter>헤더 파일</Filter>
    </ClInclude>
    <ClInclude Include="Scenes\ParticleScene.h">
      <Filter>헤더 파일</Filter>
    </ClInclude>
    <ClInclude Include="Objects\Particle\Particle.h">
      <Filter>헤더 파일</Filter>
    </ClInclude>
    <ClInclude Include="Objects\Particle\Rain.h">
      <Filter>헤더 파일</Filter>
    </ClInclude>
    <ClInclude Include="Objects\Particle\Sprite.h">
      <Filter>헤더 파일</Filter>
    </ClInclude>
    <ClInclude Include="Objects\Particle\Snow.h">
      <Filter>헤더 파일</Filter>
    </ClInclude>
    <ClInclude Include="Objects\Particle\Spark.h">
      <Filter>헤더 파일</Filter>
    </ClInclude>
    <ClInclude Include="Objects\Particle\Trail.h">
      <Filter>헤더 파일</Filter>
    </ClInclude>
    <ClInclude Include="Scenes\ParticleConfigScene.h">
      <Filter>헤더 파일</Filter>
    </ClInclude>
    <ClInclude Include="Framework\Environment\Reflection.h">
      <Filter>헤더 파일</Filter>
    </ClInclude>
    <ClInclude Include="Framework\Environment\Refraction.h">
      <Filter>헤더 파일</Filter>
    </ClInclude>
    <ClInclude Include="Framework\Shader\DomainShader.h">
      <Filter>헤더 파일</Filter>
    </ClInclude>
    <ClInclude Include="Framework\Shader\HullShader.h">
      <Filter>헤더 파일</Filter>
    </ClInclude>
    <ClInclude Include="Scenes\WaterScene.h">
      <Filter>헤더 파일</Filter>
    </ClInclude>
    <ClInclude Include="Objects\Landscape\Water.h">
      <Filter>헤더 파일</Filter>
    </ClInclude>
    <ClInclude Include="Objects\Landscape\QuadTreeTerrain.h">
      <Filter>헤더 파일</Filter>
    </ClInclude>
    <ClInclude Include="Objects\Landscape\TerrainData.h">
      <Filter>헤더 파일</Filter>
    </ClInclude>
    <ClInclude Include="Objects\Landscape\TerrainLOD.h">
      <Filter>헤더 파일</Filter>
    </ClInclude>
    <ClInclude Include="Scenes\QuadTreeScene.h">
      <Filter>헤더 파일</Filter>
    </ClInclude>
    <ClInclude Include="Scenes\TessellationScene.h">
      <Filter>헤더 파일</Filter>
    </ClInclude>
    <ClInclude Include="Scenes\TerrainLODScene.h">
      <Filter>헤더 파일</Filter>
    </ClInclude>
    <ClInclude Include="Objects\Static\Reflector.h">
      <Filter>헤더 파일</Filter>
    </ClInclude>
    <ClInclude Include="Scenes\MirrorScene.h">
      <Filter>헤더 파일</Filter>
    </ClInclude>
    <ClInclude Include="Scenes\MAP\LastBossMap_Scene.h">
      <Filter>헤더 파일</Filter>
    </ClInclude>
    <ClInclude Include="Scenes\MAP\LastBossMap_Phase1.h">
      <Filter>헤더 파일</Filter>
    </ClInclude>
    <ClInclude Include="Scenes\MAP\LastBossMap_Phase2.h">
      <Filter>헤더 파일</Filter>
    </ClInclude>
    <ClInclude Include="Scenes\MAP\IceEdges.h">
      <Filter>헤더 파일</Filter>
    </ClInclude>
    <ClInclude Include="Objects\MAP\BossMap.h">
      <Filter>헤더 파일</Filter>
    </ClInclude>
    <ClInclude Include="Scenes\MAP\MapTestScene.h">
      <Filter>헤더 파일</Filter>
    </ClInclude>
    <ClInclude Include="Objects\MAP\Dungeon.h">
      <Filter>헤더 파일</Filter>
    </ClInclude>
    <ClInclude Include="Scenes\MAP\TestDungeonScene.h">
      <Filter>헤더 파일</Filter>
    </ClInclude>
    <ClInclude Include="Objects\Monster\MonsterManager.h">
      <Filter>헤더 파일</Filter>
    </ClInclude>
    <ClInclude Include="Objects\Character_\ArmsWarrior_in.h">
      <Filter>헤더 파일</Filter>
    </ClInclude>
    <ClInclude Include="Objects\Character_\FireMage_in.h">
      <Filter>헤더 파일</Filter>
    </ClInclude>
    <ClInclude Include="Objects\Character_\HolyPriest_in.h">
      <Filter>헤더 파일</Filter>
    </ClInclude>
    <ClInclude Include="Objects\Character_\MarksmanshipHunter_in.h">
      <Filter>헤더 파일</Filter>
    </ClInclude>
    <ClInclude Include="Objects\Skills\ProtectionWarrior_Skill\P_004_HOTR.h">
      <Filter>헤더 파일</Filter>
    </ClInclude>
    <ClInclude Include="Objects\Skills\ProtectionWarrior_Skill\P_014_Blessing_of_Spellwarding.h">
      <Filter>헤더 파일</Filter>
    </ClInclude>
    <ClInclude Include="Objects\Character_\CH_Manager.h">
      <Filter>헤더 파일</Filter>
    </ClInclude>
    <ClInclude Include="Objects\Skills\ProtectionWarrior_Skill\P_034_Moment_Of_Glory.h">
      <Filter>헤더 파일</Filter>
    </ClInclude>
    <ClInclude Include="Objects\Skills\ProtectionWarrior_Skill\P_032_Eye_Of_Tyr.h">
      <Filter>헤더 파일</Filter>
    </ClInclude>
    <ClInclude Include="Objects\Skills\ProtectionWarrior_Skill\P_009_Ardent_Defender.h">
      <Filter>헤더 파일</Filter>
    </ClInclude>
    <ClInclude Include="Objects\Skills\ProtectionWarrior_Skill\P_024_Guardian_Of_Ancient_Kings.h">
      <Filter>헤더 파일</Filter>
    </ClInclude>
    <ClInclude Include="Objects\Skills\HolyPriest\H_001_Holy_Word_Serenity.h">
      <Filter>헤더 파일</Filter>
    </ClInclude>
    <ClInclude Include="Objects\Skills\HolyPriest\H_002_Holy_Word_Sanctify.h">
      <Filter>헤더 파일</Filter>
    </ClInclude>
    <ClInclude Include="Objects\Skills\HolyPriest\H_003_Guardian_Spirit.h">
      <Filter>헤더 파일</Filter>
    </ClInclude>
    <ClInclude Include="Objects\Skills\HolyPriest\H_004_Holy_Word_Chastise.h">
    <ClInclude Include="Objects\Skills\FireMage_Skill\F_001_Pyroblast.h">
      <Filter>헤더 파일</Filter>
    </ClInclude>
    <ClInclude Include="Objects\Skills\FireMage_Skill\F_005_PhoenixFlame.h">
      <Filter>헤더 파일</Filter>
    </ClInclude>
    <ClInclude Include="Objects\Skills\FireMage_Skill\F_004_Scorch.h">
      <Filter>헤더 파일</Filter>
    </ClInclude>
    <ClInclude Include="Objects\Skills\FireMage_Skill\F_009_Combustion.h">
      <Filter>헤더 파일</Filter>
    </ClInclude>
    <ClInclude Include="Objects\Particle\BuffParticle.h">
      <Filter>헤더 파일</Filter>
    </ClInclude>
    <ClInclude Include="Objects\Skills\FireMage_Skill\F_002_FireBlast.h">
      <Filter>헤더 파일</Filter>
    </ClInclude>
    <ClInclude Include="Objects\Skills\FireMage_Skill\F_010_Meteor.h">
      <Filter>헤더 파일</Filter>
    </ClInclude>
    <ClInclude Include="Objects\Skills\FireMage_Skill\F_003_Pyrotechnics.h">
      <Filter>헤더 파일</Filter>
    </ClInclude>
    <ClInclude Include="Objects\Skills\FireMage_Skill\F_006_SurgingBlaze.h">
      <Filter>헤더 파일</Filter>
    </ClInclude>
    <ClInclude Include="Objects\Skills\FireMage_Skill\F_007_SearingTouch.h">
      <Filter>헤더 파일</Filter>
    </ClInclude>
    <ClInclude Include="Objects\Skills\FireMage_Skill\F_008_FlameOn.h">
      <Filter>헤더 파일</Filter>
    </ClInclude>
  </ItemGroup>
  <ItemGroup>
    <ClCompile Include="DirectX3D.cpp">
      <Filter>소스 파일</Filter>
    </ClCompile>
    <ClCompile Include="Framework.cpp">
      <Filter>소스 파일</Filter>
    </ClCompile>
    <ClCompile Include="Manager\GameManager.cpp">
      <Filter>소스 파일</Filter>
    </ClCompile>
    <ClCompile Include="Manager\SceneManager.cpp">
      <Filter>소스 파일</Filter>
    </ClCompile>
    <ClCompile Include="Framework\System\Device.cpp">
      <Filter>소스 파일</Filter>
    </ClCompile>
    <ClCompile Include="Framework\Buffer\ConstBuffer.cpp">
      <Filter>소스 파일</Filter>
    </ClCompile>
    <ClCompile Include="Framework\Buffer\IndexBuffer.cpp">
      <Filter>소스 파일</Filter>
    </ClCompile>
    <ClCompile Include="Framework\Buffer\VertexBuffer.cpp">
      <Filter>소스 파일</Filter>
    </ClCompile>
    <ClCompile Include="Framework\Shader\PixelShader.cpp">
      <Filter>소스 파일</Filter>
    </ClCompile>
    <ClCompile Include="Framework\Shader\Shader.cpp">
      <Filter>소스 파일</Filter>
    </ClCompile>
    <ClCompile Include="Framework\Shader\VertexShader.cpp">
      <Filter>소스 파일</Filter>
    </ClCompile>
    <ClCompile Include="Framework\Environment\Environment.cpp">
      <Filter>소스 파일</Filter>
    </ClCompile>
    <ClCompile Include="Framework\Math\Transform.cpp">
      <Filter>소스 파일</Filter>
    </ClCompile>
    <ClCompile Include="Framework\Math\GameMath.cpp">
      <Filter>소스 파일</Filter>
    </ClCompile>
    <ClCompile Include="Framework\Utilities\BinaryReader.cpp">
      <Filter>소스 파일</Filter>
    </ClCompile>
    <ClCompile Include="Framework\Utilities\BinaryWriter.cpp">
      <Filter>소스 파일</Filter>
    </ClCompile>
    <ClCompile Include="Framework\Utilities\Keyboard.cpp">
      <Filter>소스 파일</Filter>
    </ClCompile>
    <ClCompile Include="Framework\Utilities\Timer.cpp">
      <Filter>소스 파일</Filter>
    </ClCompile>
    <ClCompile Include="Framework\Utilities\tinyxml2.cpp">
      <Filter>소스 파일</Filter>
    </ClCompile>
    <ClCompile Include="Framework\Utilities\Utility.cpp">
      <Filter>소스 파일</Filter>
    </ClCompile>
    <ClCompile Include="Framework\Utilities\Observer.cpp">
      <Filter>소스 파일</Filter>
    </ClCompile>
    <ClCompile Include="Framework\Utilities\Font.cpp">
      <Filter>소스 파일</Filter>
    </ClCompile>
    <ClCompile Include="Framework\Environment\Camera.cpp">
      <Filter>소스 파일</Filter>
    </ClCompile>
    <ClCompile Include="Framework\Render\Texture.cpp">
      <Filter>소스 파일</Filter>
    </ClCompile>
    <ClCompile Include="Framework\Render\Material.cpp">
      <Filter>소스 파일</Filter>
    </ClCompile>
    <ClCompile Include="Framework\State\RasterizerState.cpp">
      <Filter>소스 파일</Filter>
    </ClCompile>
    <ClCompile Include="Framework\State\SamplerState.cpp">
      <Filter>소스 파일</Filter>
    </ClCompile>
    <ClCompile Include="Framework\Shader\ComputeShader.cpp">
      <Filter>소스 파일</Filter>
    </ClCompile>
    <ClCompile Include="Framework\Buffer\RawBuffer.cpp">
      <Filter>소스 파일</Filter>
    </ClCompile>
    <ClCompile Include="Framework\Buffer\StructuredBuffer.cpp">
      <Filter>소스 파일</Filter>
    </ClCompile>
    <ClCompile Include="Framework\Collision\Collider.cpp">
      <Filter>소스 파일</Filter>
    </ClCompile>
    <ClCompile Include="Framework\Collision\CapsuleCollider.cpp">
      <Filter>소스 파일</Filter>
    </ClCompile>
    <ClCompile Include="Framework\Collision\BoxCollider.cpp">
      <Filter>소스 파일</Filter>
    </ClCompile>
    <ClCompile Include="Framework\Collision\SphereCollider.cpp">
      <Filter>소스 파일</Filter>
    </ClCompile>
    <ClCompile Include="Framework\State\BlendState.cpp">
      <Filter>소스 파일</Filter>
    </ClCompile>
    <ClCompile Include="Framework\State\DepthStencilState.cpp">
      <Filter>소스 파일</Filter>
    </ClCompile>
    <ClCompile Include="Framework\Model\ModelExporter.cpp">
      <Filter>소스 파일</Filter>
    </ClCompile>
    <ClCompile Include="Framework\Model\ModelMesh.cpp">
      <Filter>소스 파일</Filter>
    </ClCompile>
    <ClCompile Include="Framework\Model\Model.cpp">
      <Filter>소스 파일</Filter>
    </ClCompile>
    <ClCompile Include="Framework\Model\ModelClip.cpp">
      <Filter>소스 파일</Filter>
    </ClCompile>
    <ClCompile Include="Framework\Model\ModelAnimator.cpp">
      <Filter>소스 파일</Filter>
    </ClCompile>
    <ClCompile Include="Framework\Model\ModelInstancing.cpp">
      <Filter>소스 파일</Filter>
    </ClCompile>
    <ClCompile Include="Framework\Model\ModelAnimatorInstancing.cpp">
      <Filter>소스 파일</Filter>
    </ClCompile>
    <ClCompile Include="Framework\Render\RenderTarget.cpp">
      <Filter>소스 파일</Filter>
    </ClCompile>
    <ClCompile Include="Framework\Render\DepthStencil.cpp">
      <Filter>소스 파일</Filter>
    </ClCompile>
    <ClCompile Include="Framework\Render\GBuffer.cpp">
      <Filter>소스 파일</Filter>
    </ClCompile>
    <ClCompile Include="Framework\Environment\Shadow.cpp">
      <Filter>소스 파일</Filter>
    </ClCompile>
    <ClCompile Include="Framework\Shader\GeometryShader.cpp">
      <Filter>소스 파일</Filter>
    </ClCompile>
    <ClCompile Include="Framework\Utilities\Audio.cpp">
      <Filter>소스 파일</Filter>
    </ClCompile>
    <ClCompile Include="Scenes\CollisionScene.cpp">
      <Filter>소스 파일</Filter>
    </ClCompile>
    <ClCompile Include="Scenes\CubeScene.cpp">
      <Filter>소스 파일</Filter>
    </ClCompile>
    <ClCompile Include="Scenes\GameScene.cpp">
      <Filter>소스 파일</Filter>
    </ClCompile>
    <ClCompile Include="Scenes\GBufferScene.cpp">
      <Filter>소스 파일</Filter>
    </ClCompile>
    <ClCompile Include="Scenes\GridScene.cpp">
      <Filter>소스 파일</Filter>
    </ClCompile>
    <ClCompile Include="Scenes\HumanScene.cpp">
      <Filter>소스 파일</Filter>
    </ClCompile>
    <ClCompile Include="Scenes\IntancingScene.cpp">
      <Filter>소스 파일</Filter>
    </ClCompile>
    <ClCompile Include="Scenes\LightScene.cpp">
      <Filter>소스 파일</Filter>
    </ClCompile>
    <ClCompile Include="Scenes\ModelAnimationScene.cpp">
      <Filter>소스 파일</Filter>
    </ClCompile>
    <ClCompile Include="Scenes\ModelExportScene.cpp">
      <Filter>소스 파일</Filter>
    </ClCompile>
    <ClCompile Include="Scenes\ModelRenderScene.cpp">
      <Filter>소스 파일</Filter>
    </ClCompile>
    <ClCompile Include="Scenes\RenderTargetScene.cpp">
      <Filter>소스 파일</Filter>
    </ClCompile>
    <ClCompile Include="Scenes\ShadowScene.cpp">
      <Filter>소스 파일</Filter>
    </ClCompile>
    <ClCompile Include="Scenes\SphereScene.cpp">
      <Filter>소스 파일</Filter>
    </ClCompile>
    <ClCompile Include="Scenes\TerrainEditorScene.cpp">
      <Filter>소스 파일</Filter>
    </ClCompile>
    <ClCompile Include="Scenes\TerrainScene.cpp">
      <Filter>소스 파일</Filter>
    </ClCompile>
    <ClCompile Include="Objects\UI\ProgressBar.cpp">
      <Filter>소스 파일</Filter>
    </ClCompile>
    <ClCompile Include="Objects\Manager\BlockManager.cpp">
      <Filter>소스 파일</Filter>
    </ClCompile>
    <ClCompile Include="Objects\Manager\KunaiManager.cpp">
      <Filter>소스 파일</Filter>
    </ClCompile>
    <ClCompile Include="Objects\Manager\RobotManager.cpp">
      <Filter>소스 파일</Filter>
    </ClCompile>
    <ClCompile Include="Objects\Landscape\SkyBox.cpp">
      <Filter>소스 파일</Filter>
    </ClCompile>
    <ClCompile Include="Objects\Landscape\Terrain.cpp">
      <Filter>소스 파일</Filter>
    </ClCompile>
    <ClCompile Include="Objects\Landscape\TerrainEditor.cpp">
      <Filter>소스 파일</Filter>
    </ClCompile>
    <ClCompile Include="Objects\Items\Weapons\Crowbar.cpp">
      <Filter>소스 파일</Filter>
    </ClCompile>
    <ClCompile Include="Objects\Items\Weapons\Kunai.cpp">
      <Filter>소스 파일</Filter>
    </ClCompile>
    <ClCompile Include="Objects\Character\Human.cpp">
      <Filter>소스 파일</Filter>
    </ClCompile>
    <ClCompile Include="Objects\Character\Naruto.cpp">
      <Filter>소스 파일</Filter>
    </ClCompile>
    <ClCompile Include="Objects\Character\Robot.cpp">
      <Filter>소스 파일</Filter>
    </ClCompile>
    <ClCompile Include="Objects\Basic\Cube.cpp">
      <Filter>소스 파일</Filter>
    </ClCompile>
    <ClCompile Include="Objects\Basic\Cylinder.cpp">
      <Filter>소스 파일</Filter>
    </ClCompile>
    <ClCompile Include="Objects\Basic\GameObject.cpp">
      <Filter>소스 파일</Filter>
    </ClCompile>
    <ClCompile Include="Objects\Basic\Quad.cpp">
      <Filter>소스 파일</Filter>
    </ClCompile>
    <ClCompile Include="Objects\Basic\Sphere.cpp">
      <Filter>소스 파일</Filter>
    </ClCompile>
    <ClCompile Include="Objects\Actor\ActorUI.cpp">
      <Filter>소스 파일</Filter>
    </ClCompile>
    <ClCompile Include="Objects\Algorithm\Node.cpp">
      <Filter>소스 파일</Filter>
    </ClCompile>
    <ClCompile Include="Objects\Algorithm\Heap.cpp">
      <Filter>소스 파일</Filter>
    </ClCompile>
    <ClCompile Include="Objects\Algorithm\AStar.cpp">
      <Filter>소스 파일</Filter>
    </ClCompile>
    <ClCompile Include="Objects\Character\Fox.cpp">
      <Filter>소스 파일</Filter>
    </ClCompile>
    <ClCompile Include="Scenes\AStarScene.cpp">
      <Filter>소스 파일</Filter>
    </ClCompile>
    <ClCompile Include="Objects\Test\TestLight.cpp">
      <Filter>소스 파일</Filter>
    </ClCompile>
    <ClCompile Include="Scenes\BillboardScene.cpp">
      <Filter>소스 파일</Filter>
    </ClCompile>
    <ClCompile Include="Objects\Particle\ParticleSystem.cpp">
      <Filter>소스 파일</Filter>
    </ClCompile>
    <ClCompile Include="Scenes\ParticleScene.cpp">
      <Filter>소스 파일</Filter>
    </ClCompile>
    <ClCompile Include="Objects\Particle\Particle.cpp">
      <Filter>소스 파일</Filter>
    </ClCompile>
    <ClCompile Include="Objects\Particle\Rain.cpp">
      <Filter>소스 파일</Filter>
    </ClCompile>
    <ClCompile Include="Objects\Particle\Sprite.cpp">
      <Filter>소스 파일</Filter>
    </ClCompile>
    <ClCompile Include="Objects\Particle\Snow.cpp">
      <Filter>소스 파일</Filter>
    </ClCompile>
    <ClCompile Include="Objects\Particle\Spark.cpp">
      <Filter>소스 파일</Filter>
    </ClCompile>
    <ClCompile Include="Objects\Particle\Trail.cpp">
      <Filter>소스 파일</Filter>
    </ClCompile>
    <ClCompile Include="Scenes\ParticleConfigScene.cpp">
      <Filter>소스 파일</Filter>
    </ClCompile>
    <ClCompile Include="Framework\Environment\Reflection.cpp">
      <Filter>소스 파일</Filter>
    </ClCompile>
    <ClCompile Include="Framework\Environment\Refraction.cpp">
      <Filter>소스 파일</Filter>
    </ClCompile>
    <ClCompile Include="Framework\Shader\DomainShader.cpp">
      <Filter>소스 파일</Filter>
    </ClCompile>
    <ClCompile Include="Framework\Shader\HullShader.cpp">
      <Filter>소스 파일</Filter>
    </ClCompile>
    <ClCompile Include="Scenes\WaterScene.cpp">
      <Filter>소스 파일</Filter>
    </ClCompile>
    <ClCompile Include="Objects\Landscape\Water.cpp">
      <Filter>소스 파일</Filter>
    </ClCompile>
    <ClCompile Include="Objects\Landscape\QuadTreeTerrain.cpp">
      <Filter>소스 파일</Filter>
    </ClCompile>
    <ClCompile Include="Objects\Landscape\TerrainData.cpp">
      <Filter>소스 파일</Filter>
    </ClCompile>
    <ClCompile Include="Objects\Landscape\TerrainLOD.cpp">
      <Filter>소스 파일</Filter>
    </ClCompile>
    <ClCompile Include="Scenes\QuadTreeScene.cpp">
      <Filter>소스 파일</Filter>
    </ClCompile>
    <ClCompile Include="Scenes\TessellationScene.cpp">
      <Filter>소스 파일</Filter>
    </ClCompile>
    <ClCompile Include="Scenes\TerrainLODScene.cpp">
      <Filter>소스 파일</Filter>
    </ClCompile>
    <ClCompile Include="Objects\Static\Reflector.cpp">
      <Filter>소스 파일</Filter>
    </ClCompile>
    <ClCompile Include="Scenes\MirrorScene.cpp">
      <Filter>소스 파일</Filter>
    </ClCompile>
    <ClCompile Include="Scenes\MAP\LastBossMap_Scene.cpp">
      <Filter>소스 파일</Filter>
    </ClCompile>
    <ClCompile Include="Scenes\MAP\LastBossMap_Phase1.cpp">
      <Filter>소스 파일</Filter>
    </ClCompile>
    <ClCompile Include="Scenes\MAP\LastBossMap_Phase2.cpp">
      <Filter>소스 파일</Filter>
    </ClCompile>
    <ClCompile Include="Scenes\MAP\IceEdges.cpp">
      <Filter>소스 파일</Filter>
    </ClCompile>
    <ClCompile Include="Objects\MAP\BossMap.cpp">
      <Filter>소스 파일</Filter>
    </ClCompile>
    <ClCompile Include="Scenes\MAP\MapTestScene.cpp">
      <Filter>소스 파일</Filter>
    </ClCompile>
    <ClCompile Include="Objects\MAP\Dungeon.cpp">
      <Filter>소스 파일</Filter>
    </ClCompile>
    <ClCompile Include="Scenes\MAP\TestDungeonScene.cpp">
      <Filter>소스 파일</Filter>
    </ClCompile>
    <ClCompile Include="Objects\Character_\ArmsWarrior_in.cpp">
      <Filter>소스 파일</Filter>
    </ClCompile>
    <ClCompile Include="Objects\Character_\FireMage_in.cpp">
      <Filter>소스 파일</Filter>
    </ClCompile>
    <ClCompile Include="Objects\Character_\HolyPriest_in.cpp">
      <Filter>소스 파일</Filter>
    </ClCompile>
    <ClCompile Include="Objects\Character_\MarksmanshipHunter_in.cpp">
      <Filter>소스 파일</Filter>
    </ClCompile>
    <ClCompile Include="Objects\Skills\ProtectionWarrior_Skill\P_004_HOTR.cpp">
      <Filter>소스 파일</Filter>
    </ClCompile>
    <ClCompile Include="Objects\Skills\ProtectionWarrior_Skill\P_014_Blessing_of_Spellwarding.cpp">
      <Filter>소스 파일</Filter>
    </ClCompile>
    <ClCompile Include="Objects\Character_\CH_Manager.cpp">
      <Filter>소스 파일</Filter>
    </ClCompile>
    <ClCompile Include="Objects\Skills\ProtectionWarrior_Skill\P_034_Moment_Of_Glory.cpp">
      <Filter>소스 파일</Filter>
    </ClCompile>
    <ClCompile Include="Objects\Skills\ProtectionWarrior_Skill\P_032_Eye_Of_Tyr.cpp">
      <Filter>소스 파일</Filter>
    </ClCompile>
    <ClCompile Include="Objects\Skills\ProtectionWarrior_Skill\P_009_Ardent_Defender.cpp">
      <Filter>소스 파일</Filter>
    </ClCompile>
    <ClCompile Include="Objects\Skills\ProtectionWarrior_Skill\P_024_Guardian_Of_Ancient_Kings.cpp">
      <Filter>소스 파일</Filter>
    </ClCompile>
    <ClCompile Include="Objects\Skills\HolyPriest\H_001_Holy_Word_Serenity.cpp">
      <Filter>소스 파일</Filter>
    </ClCompile>
    <ClCompile Include="Objects\Skills\HolyPriest\H_002_Holy_Word_Sanctify.cpp">
      <Filter>소스 파일</Filter>
    </ClCompile>
    <ClCompile Include="Objects\Skills\HolyPriest\H_003_Guardian_Spirit.cpp">
      <Filter>소스 파일</Filter>
    </ClCompile>
    <ClCompile Include="Objects\Skills\HolyPriest\H_004_Holy_Word_Chastise.cpp">
    <ClCompile Include="Objects\Skills\FireMage_Skill\F_001_Pyroblast.cpp">
      <Filter>소스 파일</Filter>
    </ClCompile>
    <ClCompile Include="Objects\Skills\FireMage_Skill\F_005_PhoenixFlame.cpp">
      <Filter>소스 파일</Filter>
    </ClCompile>
    <ClCompile Include="Objects\Skills\FireMage_Skill\F_004_Scorch.cpp">
      <Filter>소스 파일</Filter>
    </ClCompile>
    <ClCompile Include="Objects\Skills\FireMage_Skill\F_009_Combustion.cpp">
      <Filter>소스 파일</Filter>
    </ClCompile>
    <ClCompile Include="Objects\Particle\BuffParticle.cpp">
      <Filter>소스 파일</Filter>
    </ClCompile>
    <ClCompile Include="Objects\Skills\FireMage_Skill\F_002_FireBlast.cpp">
      <Filter>소스 파일</Filter>
    </ClCompile>
    <ClCompile Include="Objects\Skills\FireMage_Skill\F_010_Meteor.cpp">
      <Filter>소스 파일</Filter>
    </ClCompile>
    <ClCompile Include="Objects\Skills\FireMage_Skill\F_003_Pyrotechnics.cpp">
      <Filter>소스 파일</Filter>
    </ClCompile>
    <ClCompile Include="Objects\Skills\FireMage_Skill\F_006_SurgingBlaze.cpp">
      <Filter>소스 파일</Filter>
    </ClCompile>
    <ClCompile Include="Objects\Skills\FireMage_Skill\F_007_SearingTouch.cpp">
      <Filter>소스 파일</Filter>
    </ClCompile>
    <ClCompile Include="Objects\Skills\FireMage_Skill\F_008_FlameOn.cpp">
      <Filter>소스 파일</Filter>
    </ClCompile>
  </ItemGroup>
  <ItemGroup>
    <ResourceCompile Include="DirectX3D.rc">
      <Filter>리소스 파일</Filter>
    </ResourceCompile>
  </ItemGroup>
  <ItemGroup>
    <Image Include="small.ico">
      <Filter>리소스 파일</Filter>
    </Image>
    <Image Include="DirectX3D.ico">
      <Filter>리소스 파일</Filter>
    </Image>
    <Image Include="..\..\DirectX2D\DirectX2D\Textures\UI\Cancel.png">
      <Filter>리소스 파일</Filter>
    </Image>
  </ItemGroup>
  <ItemGroup>
    <FxCompile Include="Shaders\Basic\Grid.hlsl" />
    <FxCompile Include="Shaders\Basic\Texture.hlsl" />
    <FxCompile Include="Shaders\Basic\Grid.hlsl" />
    <FxCompile Include="Shaders\Compute\ByteAddress.hlsl" />
    <FxCompile Include="Shaders\Compute\ComputePicking.hlsl" />
    <FxCompile Include="Shaders\Effect\Particle.hlsl" />
    <FxCompile Include="Shaders\Geometry\Billboard.hlsl" />
    <FxCompile Include="Shaders\Geometry\Rain.hlsl" />
    <FxCompile Include="Shaders\Geometry\Snow.hlsl" />
    <FxCompile Include="Shaders\Geometry\Spark.hlsl" />
    <FxCompile Include="Shaders\Geometry\Sprite.hlsl" />
    <FxCompile Include="Shaders\Landscape\Skybox.hlsl" />
    <FxCompile Include="Shaders\Landscape\Terrain.hlsl" />
    <FxCompile Include="Shaders\Landscape\TerrainEditor.hlsl" />
    <FxCompile Include="Shaders\Light\AnimGBuffer.hlsl" />
    <FxCompile Include="Shaders\Light\Deferred.hlsl" />
    <FxCompile Include="Shaders\Light\DepthMap.hlsl" />
    <FxCompile Include="Shaders\Light\DiffuseLight.hlsl" />
    <FxCompile Include="Shaders\Light\GBuffer.hlsl" />
    <FxCompile Include="Shaders\Light\Light.hlsl" />
    <FxCompile Include="Shaders\Light\NormalMapping.hlsl" />
    <FxCompile Include="Shaders\Light\Shadow.hlsl" />
    <FxCompile Include="Shaders\Light\SpecularLight.hlsl" />
    <FxCompile Include="Shaders\Light\ItemLight.hlsl" />
    <FxCompile Include="Shaders\Model\ModelAnimation.hlsl" />
    <FxCompile Include="Shaders\Model\ModelAnimationInstancing.hlsl" />
    <FxCompile Include="Shaders\Model\ModelInstancing.hlsl" />
    <FxCompile Include="Shaders\Effect\Bloom.hlsl" />
    <FxCompile Include="Shaders\Effect\Fog.hlsl" />
    <FxCompile Include="Shaders\UI\ProgressBar.hlsl" />
  </ItemGroup>
  <ItemGroup>
    <ClCompile Include="Objects\Skills\FireBall.cpp" />
    <ClCompile Include="Objects\Monster\MonsterManager.cpp" />
    <ClCompile Include="Objects\Inventory\Slot.cpp" />
    <ClCompile Include="Objects\UI\Button.cpp" />
    <ClCompile Include="Framework\Environment\Reflection.cpp" />
    <ClCompile Include="Framework\Environment\Refraction.cpp" />
    <ClCompile Include="Framework\Shader\DomainShader.cpp" />
    <ClCompile Include="Framework\Shader\HullShader.cpp" />
    <ClCompile Include="Objects\Monster\Skeleton.cpp" />
    <ClCompile Include="Objects\Skills\Base\SkillBase.cpp" />
    <ClCompile Include="Objects\Skills\ProtectionWarrior_Skill\P_001_Avengers_Shield.cpp" />
    <ClCompile Include="Objects\Monster\Scarecrow.cpp" />
    <ClCompile Include="Scenes\KimScene.cpp" />
    <ClCompile Include="Objects\Inventory\Inventory.cpp" />
    <ClCompile Include="Objects\Item\Item.cpp" />
    <ClCompile Include="Objects\Item\Potion.cpp" />
    <ClCompile Include="Scenes\MirrorScene.cpp" />
    <ClCompile Include="Objects\Algorithm\AStar.cpp" />
    <ClCompile Include="Objects\Particle\ParticleSystem.cpp" />
    <ClCompile Include="Objects\Particle\Particle.cpp" />
    <ClCompile Include="Objects\Particle\Rain.cpp" />
    <ClCompile Include="Objects\Landscape\QuadTreeTerrain.cpp" />
    <ClCompile Include="Objects\Static\Reflector.cpp" />
    <ClCompile Include="Scenes\QuadTreeScene.cpp" />
    <ClCompile Include="Scenes\ParticleConfigScene.cpp" />
    <ClCompile Include="Scenes\ParticleScene.cpp" />
    <ClCompile Include="Scenes\BillboardScene.cpp" />
    <ClCompile Include="Scenes\AStarScene.cpp" />
    <ClCompile Include="DirectX3D.cpp" />
    <ClCompile Include="Objects\Character\Fox.cpp" />
    <ClCompile Include="Framework.cpp" />
    <ClCompile Include="Framework\Buffer\ConstBuffer.cpp" />
    <ClCompile Include="Framework\Buffer\IndexBuffer.cpp" />
    <ClCompile Include="Framework\Buffer\RawBuffer.cpp" />
    <ClCompile Include="Framework\Buffer\StructuredBuffer.cpp" />
    <ClCompile Include="Framework\Buffer\VertexBuffer.cpp" />
    <ClCompile Include="Framework\Collision\BoxCollider.cpp" />
    <ClCompile Include="Framework\Collision\CapsuleCollider.cpp" />
    <ClCompile Include="Framework\Collision\Collider.cpp" />
    <ClCompile Include="Framework\Collision\SphereCollider.cpp" />
    <ClCompile Include="Framework\Environment\Camera.cpp" />
    <ClCompile Include="Framework\Environment\Environment.cpp" />
    <ClCompile Include="Framework\Environment\Shadow.cpp" />
    <ClCompile Include="Framework\Math\GameMath.cpp" />
    <ClCompile Include="Framework\Math\Transform.cpp" />
    <ClCompile Include="Framework\Model\ModelAnimator.cpp" />
    <ClCompile Include="Framework\Model\ModelAnimatorInstancing.cpp" />
    <ClCompile Include="Framework\Model\ModelClip.cpp" />
    <ClCompile Include="Framework\Model\ModelExporter.cpp" />
    <ClCompile Include="Framework\Model\ModelInstancing.cpp" />
    <ClCompile Include="Framework\Model\ModelMesh.cpp" />
    <ClCompile Include="Framework\Model\Model.cpp" />
    <ClCompile Include="Framework\Render\DepthStencil.cpp" />
    <ClCompile Include="Framework\Render\GBuffer.cpp" />
    <ClCompile Include="Framework\Render\Material.cpp" />
    <ClCompile Include="Framework\Render\RenderTarget.cpp" />
    <ClCompile Include="Framework\Render\Texture.cpp" />
    <ClCompile Include="Framework\Shader\ComputeShader.cpp" />
    <ClCompile Include="Framework\Shader\GeometryShader.cpp" />
    <ClCompile Include="Framework\Shader\PixelShader.cpp" />
    <ClCompile Include="Framework\Shader\Shader.cpp" />
    <ClCompile Include="Framework\Shader\VertexShader.cpp" />
    <ClCompile Include="Framework\State\BlendState.cpp" />
    <ClCompile Include="Framework\State\DepthStencilState.cpp" />
    <ClCompile Include="Framework\State\RasterizerState.cpp" />
    <ClCompile Include="Framework\State\SamplerState.cpp" />
    <ClCompile Include="Framework\System\Device.cpp" />
    <ClCompile Include="Framework\Utilities\Audio.cpp" />
    <ClCompile Include="Framework\Utilities\BinaryReader.cpp" />
    <ClCompile Include="Framework\Utilities\BinaryWriter.cpp" />
    <ClCompile Include="Framework\Utilities\Font.cpp" />
    <ClCompile Include="Framework\Utilities\Keyboard.cpp" />
    <ClCompile Include="Framework\Utilities\Observer.cpp" />
    <ClCompile Include="Framework\Utilities\Timer.cpp" />
    <ClCompile Include="Framework\Utilities\tinyxml2.cpp" />
    <ClCompile Include="Framework\Utilities\Utility.cpp" />
    <ClCompile Include="Objects\Algorithm\Heap.cpp" />
    <ClCompile Include="Manager\GameManager.cpp" />
    <ClCompile Include="Manager\SceneManager.cpp" />
    <ClCompile Include="Objects\Algorithm\Node.cpp" />
    <ClCompile Include="Objects\Actor\ActorUI.cpp" />
    <ClCompile Include="Objects\Basic\Cube.cpp" />
    <ClCompile Include="Objects\Basic\Cylinder.cpp" />
    <ClCompile Include="Objects\Basic\GameObject.cpp" />
    <ClCompile Include="Objects\Basic\Quad.cpp" />
    <ClCompile Include="Objects\Character\Human.cpp" />
    <ClCompile Include="Objects\Character\Naruto.cpp" />
    <ClCompile Include="Objects\Character\Robot.cpp" />
    <ClCompile Include="Objects\Items\Weapons\Crowbar.cpp" />
    <ClCompile Include="Objects\Items\Weapons\Kunai.cpp" />
    <ClCompile Include="Objects\Landscape\SkyBox.cpp" />
    <ClCompile Include="Objects\Landscape\Terrain.cpp" />
    <ClCompile Include="Objects\Landscape\TerrainEditor.cpp" />
    <ClCompile Include="Objects\Manager\BlockManager.cpp" />
    <ClCompile Include="Objects\Manager\KunaiManager.cpp" />
    <ClCompile Include="Objects\Manager\RobotManager.cpp" />
    <ClCompile Include="Objects\UI\ProgressBar.cpp" />
    <ClCompile Include="Scenes\CollisionScene.cpp" />
    <ClCompile Include="Scenes\CubeScene.cpp" />
    <ClCompile Include="Scenes\GameScene.cpp" />
    <ClCompile Include="Scenes\GBufferScene.cpp" />
    <ClCompile Include="Scenes\GridScene.cpp" />
    <ClCompile Include="Scenes\HumanScene.cpp" />
    <ClCompile Include="Scenes\IntancingScene.cpp" />
    <ClCompile Include="Scenes\LightScene.cpp" />
    <ClCompile Include="Scenes\ModelAnimationScene.cpp" />
    <ClCompile Include="Scenes\ModelExportScene.cpp" />
    <ClCompile Include="Scenes\ModelRenderScene.cpp" />
    <ClCompile Include="Scenes\RenderTargetScene.cpp" />
    <ClCompile Include="Scenes\ShadowScene.cpp" />
    <ClCompile Include="Scenes\SphereScene.cpp" />
    <ClCompile Include="Scenes\TerrainEditorScene.cpp" />
    <ClCompile Include="Scenes\TerrainScene.cpp" />
    <ClCompile Include="Objects\Test\TestLight.cpp" />
    <ClCompile Include="Objects\Particle\Sprite.cpp" />
    <ClCompile Include="Objects\Particle\Snow.cpp" />
    <ClCompile Include="Objects\Particle\Spark.cpp" />
    <ClCompile Include="Objects\Particle\Trail.cpp" />
    <ClCompile Include="Scenes\WaterScene.cpp" />
    <ClCompile Include="Objects\Landscape\Water.cpp" />
    <ClCompile Include="Objects\Landscape\TerrainData.cpp" />
    <ClCompile Include="Objects\Landscape\TerrainLOD.cpp" />
    <ClCompile Include="Scenes\TerrainLODScene.cpp" />
    <ClCompile Include="Scenes\TessellationScene.cpp" />
    <ClCompile Include="Scenes\DevScene\TestScene.cpp" />
    <ClCompile Include="Objects\Item\Weapon.cpp" />
    <ClCompile Include="Objects\Shop\Shop.cpp" />
    <ClCompile Include="Objects\Monster\Skeleton_Knight.cpp" />
    <ClCompile Include="Objects\Character_\ProtectionWarrior_in.cpp" />
    <ClCompile Include="Objects\Character_\CH_Base_ver2.cpp" />
    <ClCompile Include="Objects\Skills\Base\ActiveSkill.cpp" />
    <ClCompile Include="Objects\Skills\Base\PassiveSkill.cpp" />
  </ItemGroup>
  <ItemGroup>
    <ClInclude Include="Objects\Skills\FireBall.h" />
    <ClInclude Include="Objects\Monster\MonsterBase.h" />
    <ClInclude Include="Objects\Monster\Skeleton.h" />
    <ClInclude Include="Objects\Skills\Base\SkillBase.h" />
    <ClInclude Include="Objects\Skills\ProtectionWarrior_Skill\P_001_Avengers_Shield.h" />
    <ClInclude Include="Objects\Monster\Scarecrow.h" />
    <ClInclude Include="Scenes\KimScene.h" />
    <ClInclude Include="Objects\Inventory\Slot.h" />
    <ClInclude Include="Objects\UI\Button.h" />
    <ClInclude Include="Framework\Environment\Reflection.h" />
    <ClInclude Include="Framework\Environment\Refraction.h" />
    <ClInclude Include="Framework\Shader\DomainShader.h" />
    <ClInclude Include="Framework\Shader\HullShader.h" />
    <ClInclude Include="Objects\Inventory\Inventory.h" />
    <ClInclude Include="Objects\Item\Item.h" />
    <ClInclude Include="Objects\Item\Potion.h" />
    <ClInclude Include="Scenes\MirrorScene.h" />
    <ClInclude Include="Objects\Algorithm\AStar.h" />
    <ClInclude Include="Objects\Particle\ParticleSystem.h" />
    <ClInclude Include="Objects\Particle\Particle.h" />
    <ClInclude Include="Objects\Particle\Rain.h" />
    <ClInclude Include="Objects\Landscape\QuadTreeTerrain.h" />
    <ClInclude Include="Objects\Static\Reflector.h" />
    <ClInclude Include="Scenes\QuadTreeScene.h" />
    <ClInclude Include="Scenes\ParticleConfigScene.h" />
    <ClInclude Include="Scenes\ParticleScene.h" />
    <ClInclude Include="Scenes\BillboardScene.h" />
    <ClInclude Include="Scenes\AStarScene.h" />
    <ClInclude Include="DirectX3D.h" />
    <ClInclude Include="Objects\Character\Fox.h" />
    <ClInclude Include="Framework.h" />
    <ClInclude Include="Framework\Buffer\ConstBuffer.h" />
    <ClInclude Include="Framework\Buffer\GlobalBuffer.h" />
    <ClInclude Include="Framework\Buffer\IndexBuffer.h" />
    <ClInclude Include="Framework\Buffer\RawBuffer.h" />
    <ClInclude Include="Framework\Buffer\StructuredBuffer.h" />
    <ClInclude Include="Framework\Buffer\VertexBuffer.h" />
    <ClInclude Include="Framework\Buffer\VertexLayouts.h" />
    <ClInclude Include="Framework\Collision\BoxCollider.h" />
    <ClInclude Include="Framework\Collision\CapsuleCollider.h" />
    <ClInclude Include="Framework\Collision\Collider.h" />
    <ClInclude Include="Framework\Collision\SphereCollider.h" />
    <ClInclude Include="Framework\Environment\Camera.h" />
    <ClInclude Include="Framework\Environment\Environment.h" />
    <ClInclude Include="Framework\Environment\Shadow.h" />
    <ClInclude Include="Framework\Math\GameMath.h" />
    <ClInclude Include="Framework\Math\Transform.h" />
    <ClInclude Include="Framework\Math\Vector2.h" />
    <ClInclude Include="Framework\Math\Vector3.h" />
    <ClInclude Include="Framework\Model\ModelAnimator.h" />
    <ClInclude Include="Framework\Model\ModelAnimatorInstancing.h" />
    <ClInclude Include="Framework\Model\ModelClip.h" />
    <ClInclude Include="Framework\Model\ModelData.h" />
    <ClInclude Include="Framework\Model\ModelExporter.h" />
    <ClInclude Include="Framework\Model\ModelInstancing.h" />
    <ClInclude Include="Framework\Model\ModelMesh.h" />
    <ClInclude Include="Framework\Model\Model.h" />
    <ClInclude Include="Framework\Render\DepthStencil.h" />
    <ClInclude Include="Framework\Render\GBuffer.h" />
    <ClInclude Include="Framework\Render\Material.h" />
    <ClInclude Include="Framework\Render\Mesh.h" />
    <ClInclude Include="Framework\Render\RenderTarget.h" />
    <ClInclude Include="Framework\Render\Texture.h" />
    <ClInclude Include="Framework\Shader\ComputeShader.h" />
    <ClInclude Include="Framework\Shader\GeometryShader.h" />
    <ClInclude Include="Framework\Shader\PixelShader.h" />
    <ClInclude Include="Framework\Shader\Shader.h" />
    <ClInclude Include="Framework\Shader\VertexShader.h" />
    <ClInclude Include="Framework\State\BlendState.h" />
    <ClInclude Include="Framework\State\DepthStencilState.h" />
    <ClInclude Include="Framework\State\RasterizerState.h" />
    <ClInclude Include="Framework\State\SamplerState.h" />
    <ClInclude Include="Framework\System\Device.h" />
    <ClInclude Include="Framework\Utilities\Audio.h" />
    <ClInclude Include="Framework\Utilities\BinaryReader.h" />
    <ClInclude Include="Framework\Utilities\BinaryWriter.h" />
    <ClInclude Include="Framework\Utilities\Font.h" />
    <ClInclude Include="Framework\Utilities\Keyboard.h" />
    <ClInclude Include="Framework\Utilities\Observer.h" />
    <ClInclude Include="Framework\Utilities\Singleton.h" />
    <ClInclude Include="Framework\Utilities\Timer.h" />
    <ClInclude Include="Framework\Utilities\tinyxml2.h" />
    <ClInclude Include="Framework\Utilities\Utility.h" />
    <ClInclude Include="Objects\Algorithm\Heap.h" />
    <ClInclude Include="Manager\GameManager.h" />
    <ClInclude Include="Manager\SceneManager.h" />
    <ClInclude Include="Objects\Algorithm\Node.h" />
    <ClInclude Include="Objects\Actor\ActorUI.h" />
    <ClInclude Include="Objects\Basic\Cube.h" />
    <ClInclude Include="Objects\Basic\Cylinder.h" />
    <ClInclude Include="Objects\Basic\GameObject.h" />
    <ClInclude Include="Objects\Basic\Quad.h" />
    <ClInclude Include="Objects\Basic\Sphere.h" />
    <ClInclude Include="Objects\Character\Human.h" />
    <ClInclude Include="Objects\Character\Naruto.h" />
    <ClInclude Include="Objects\Character\Robot.h" />
    <ClInclude Include="Objects\Items\Weapons\Crowbar.h" />
    <ClInclude Include="Objects\Items\Weapons\Kunai.h" />
    <ClInclude Include="Objects\Landscape\SkyBox.h" />
    <ClInclude Include="Objects\Landscape\Terrain.h" />
    <ClInclude Include="Objects\Landscape\TerrainEditor.h" />
    <ClInclude Include="Objects\Manager\BlockManager.h" />
    <ClInclude Include="Objects\Manager\KunaiManager.h" />
    <ClInclude Include="Objects\Manager\RobotManager.h" />
    <ClInclude Include="Objects\UI\ProgressBar.h" />
    <ClInclude Include="Resource.h" />
    <ClInclude Include="Scenes\CollisionScene.h" />
    <ClInclude Include="Scenes\CubeScene.h" />
    <ClInclude Include="Scenes\GameScene.h" />
    <ClInclude Include="Scenes\GBufferScene.h" />
    <ClInclude Include="Scenes\GridScene.h" />
    <ClInclude Include="Scenes\HumanScene.h" />
    <ClInclude Include="Scenes\IntancingScene.h" />
    <ClInclude Include="Scenes\LightScene.h" />
    <ClInclude Include="Scenes\ModelAnimationScene.h" />
    <ClInclude Include="Scenes\ModelExportScene.h" />
    <ClInclude Include="Scenes\ModelRenderScene.h" />
    <ClInclude Include="Scenes\RenderTargetScene.h" />
    <ClInclude Include="Scenes\Scene.h" />
    <ClInclude Include="Scenes\ShadowScene.h" />
    <ClInclude Include="Scenes\SphereScene.h" />
    <ClInclude Include="Scenes\TerrainEditorScene.h" />
    <ClInclude Include="Scenes\TerrainScene.h" />
    <ClInclude Include="Objects\Particle\Sprite.h" />
    <ClInclude Include="Objects\Particle\Snow.h" />
    <ClInclude Include="Objects\Particle\Spark.h" />
    <ClInclude Include="Objects\Shop\Shop.h" />
    <ClInclude Include="Objects\Monster\Skeleton_Knight.h" />
    <ClInclude Include="targetver.h" />
    <ClInclude Include="Objects\Test\TestLight.h" />
    <ClInclude Include="Objects\Particle\Trail.h" />
    <ClInclude Include="Scenes\WaterScene.h" />
    <ClInclude Include="Objects\Landscape\Water.h" />
    <ClInclude Include="Objects\Landscape\TerrainData.h" />
    <ClInclude Include="Objects\Landscape\TerrainLOD.h" />
    <ClInclude Include="Scenes\TerrainLODScene.h" />
    <ClInclude Include="Scenes\TessellationScene.h" />
    <ClInclude Include="Scenes\DevScene\TestScene.h" />
    <ClInclude Include="Objects\Item\Weapon.h" />
    <ClInclude Include="Objects\Character_\ProtectionWarrior_in.h" />
    <ClInclude Include="Objects\Character_\CH_Base_ver2.h" />
    <ClInclude Include="Objects\Skills\Base\ActiveSkill.h" />
    <ClInclude Include="Objects\Skills\Base\PassiveSkill.h" />
  </ItemGroup>
  <ItemGroup>
    <ResourceCompile Include="DirectX3D.rc" />
  </ItemGroup>
  <ItemGroup>
    <Image Include="..\..\DirectX2D\DirectX2D\Textures\UI\Cancel.png" />
    <Image Include="DirectX3D.ico" />
    <Image Include="small.ico" />
  </ItemGroup>
  <ItemGroup>
    <None Include="Shaders\PixelHeader.hlsli" />
    <None Include="Shaders\VertexHeader.hlsli" />
  </ItemGroup>
</Project>