<?xml version="1.0" encoding="utf-8"?>
<Project ToolsVersion="4.0" xmlns="http://schemas.microsoft.com/developer/msbuild/2003">
  <ItemGroup>
    <FxCompile Include="Shaders\Basic\Collider.hlsl" />
    <FxCompile Include="Shaders\Basic\Texture.hlsl" />
    <FxCompile Include="Shaders\Basic\Grid.hlsl" />
    <FxCompile Include="Shaders\Compute\ByteAddress.hlsl" />
    <FxCompile Include="Shaders\Compute\ComputePicking.hlsl" />
    <FxCompile Include="Shaders\Effect\Particle.hlsl" />
    <FxCompile Include="Shaders\Geometry\Billboard.hlsl" />
    <FxCompile Include="Shaders\Geometry\Rain.hlsl" />
    <FxCompile Include="Shaders\Geometry\Snow.hlsl" />
    <FxCompile Include="Shaders\Geometry\Spark.hlsl" />
    <FxCompile Include="Shaders\Geometry\Sprite.hlsl" />
    <FxCompile Include="Shaders\Landscape\Skybox.hlsl" />
    <FxCompile Include="Shaders\Landscape\Terrain.hlsl" />
    <FxCompile Include="Shaders\Landscape\TerrainEditor.hlsl" />
    <FxCompile Include="Shaders\Light\AnimGBuffer.hlsl" />
    <FxCompile Include="Shaders\Light\Deferred.hlsl" />
    <FxCompile Include="Shaders\Light\DepthMap.hlsl" />
    <FxCompile Include="Shaders\Light\DiffuseLight.hlsl" />
    <FxCompile Include="Shaders\Light\GBuffer.hlsl" />
    <FxCompile Include="Shaders\Light\Light.hlsl" />
    <FxCompile Include="Shaders\Light\NormalMapping.hlsl" />
    <FxCompile Include="Shaders\Light\Shadow.hlsl" />
    <FxCompile Include="Shaders\Light\SpecularLight.hlsl" />
    <FxCompile Include="Shaders\Light\ItemLight.hlsl" />
    <FxCompile Include="Shaders\Model\ModelAnimation.hlsl" />
    <FxCompile Include="Shaders\Model\ModelAnimationInstancing.hlsl" />
    <FxCompile Include="Shaders\Model\ModelInstancing.hlsl" />
    <FxCompile Include="Shaders\Effect\Bloom.hlsl" />
    <FxCompile Include="Shaders\Effect\Fog.hlsl" />
    <FxCompile Include="Shaders\UI\ProgressBar.hlsl" />
  </ItemGroup>
  <ItemGroup>
    <ClCompile Include="Objects\Skills\FireBall.cpp" />
    <ClCompile Include="Objects\Character_\ArmsWarrior.cpp" />
    <ClCompile Include="Objects\Character_\FireMage.cpp" />
    <ClCompile Include="Objects\Character_\HolyPriest.cpp" />
    <ClCompile Include="Objects\Character_\ProtectionWarrior.cpp" />
    <ClCompile Include="Objects\Skills\Base\NonTargetSkill.cpp" />
    <ClCompile Include="Objects\Monster\MonsterManager.cpp" />
    <ClCompile Include="Objects\Character_\MarksmanshipHunter.cpp" />
    <ClCompile Include="Objects\Inventory\Slot.cpp" />
    <ClCompile Include="Objects\UI\Button.cpp" />
    <ClCompile Include="Framework\Environment\Reflection.cpp" />
    <ClCompile Include="Framework\Environment\Refraction.cpp" />
    <ClCompile Include="Framework\Shader\DomainShader.cpp" />
    <ClCompile Include="Framework\Shader\HullShader.cpp" />
    <ClCompile Include="Objects\Character_\CH_Base.cpp" />
    <ClCompile Include="Objects\Monster\Skeleton.cpp" />
    <ClCompile Include="Objects\Skills\Base\SkillBase.cpp" />
    <ClCompile Include="Objects\Skills\Base\TargetSkill.cpp" />
    <ClCompile Include="Objects\Skills\ProtectionWarrior_Skill\P_001_Avengers_Shield.cpp" />
    <ClCompile Include="Objects\Monster\Scarecrow.cpp" />
    <ClCompile Include="Scenes\KimScene.cpp" />
    <ClCompile Include="Objects\Inventory\Inventory.cpp" />
    <ClCompile Include="Objects\Item\Item.cpp" />
    <ClCompile Include="Objects\Item\Potion.cpp" />
    <ClCompile Include="Scenes\MirrorScene.cpp" />
    <ClCompile Include="Objects\Algorithm\AStar.cpp" />
    <ClCompile Include="Objects\Particle\ParticleSystem.cpp" />
    <ClCompile Include="Objects\Particle\Particle.cpp" />
    <ClCompile Include="Objects\Particle\Rain.cpp" />
    <ClCompile Include="Objects\Landscape\QuadTreeTerrain.cpp" />
    <ClCompile Include="Objects\Static\Reflector.cpp" />
    <ClCompile Include="Scenes\QuadTreeScene.cpp" />
    <ClCompile Include="Scenes\ParticleConfigScene.cpp" />
    <ClCompile Include="Scenes\ParticleScene.cpp" />
    <ClCompile Include="Scenes\BillboardScene.cpp" />
    <ClCompile Include="Scenes\AStarScene.cpp" />
    <ClCompile Include="DirectX3D.cpp" />
    <ClCompile Include="Objects\Character\Fox.cpp" />
    <ClCompile Include="Framework.cpp" />
    <ClCompile Include="Framework\Buffer\ConstBuffer.cpp" />
    <ClCompile Include="Framework\Buffer\IndexBuffer.cpp" />
    <ClCompile Include="Framework\Buffer\RawBuffer.cpp" />
    <ClCompile Include="Framework\Buffer\StructuredBuffer.cpp" />
    <ClCompile Include="Framework\Buffer\VertexBuffer.cpp" />
    <ClCompile Include="Framework\Collision\BoxCollider.cpp" />
    <ClCompile Include="Framework\Collision\CapsuleCollider.cpp" />
    <ClCompile Include="Framework\Collision\Collider.cpp" />
    <ClCompile Include="Framework\Collision\SphereCollider.cpp" />
    <ClCompile Include="Framework\Environment\Camera.cpp" />
    <ClCompile Include="Framework\Environment\Environment.cpp" />
    <ClCompile Include="Framework\Environment\Shadow.cpp" />
    <ClCompile Include="Framework\Math\GameMath.cpp" />
    <ClCompile Include="Framework\Math\Transform.cpp" />
    <ClCompile Include="Framework\Model\ModelAnimator.cpp" />
    <ClCompile Include="Framework\Model\ModelAnimatorInstancing.cpp" />
    <ClCompile Include="Framework\Model\ModelClip.cpp" />
    <ClCompile Include="Framework\Model\ModelExporter.cpp" />
    <ClCompile Include="Framework\Model\ModelInstancing.cpp" />
    <ClCompile Include="Framework\Model\ModelMesh.cpp" />
    <ClCompile Include="Framework\Model\Model.cpp" />
    <ClCompile Include="Framework\Render\DepthStencil.cpp" />
    <ClCompile Include="Framework\Render\GBuffer.cpp" />
    <ClCompile Include="Framework\Render\Material.cpp" />
    <ClCompile Include="Framework\Render\RenderTarget.cpp" />
    <ClCompile Include="Framework\Render\Texture.cpp" />
    <ClCompile Include="Framework\Shader\ComputeShader.cpp" />
    <ClCompile Include="Framework\Shader\GeometryShader.cpp" />
    <ClCompile Include="Framework\Shader\PixelShader.cpp" />
    <ClCompile Include="Framework\Shader\Shader.cpp" />
    <ClCompile Include="Framework\Shader\VertexShader.cpp" />
    <ClCompile Include="Framework\State\BlendState.cpp" />
    <ClCompile Include="Framework\State\DepthStencilState.cpp" />
    <ClCompile Include="Framework\State\RasterizerState.cpp" />
    <ClCompile Include="Framework\State\SamplerState.cpp" />
    <ClCompile Include="Framework\System\Device.cpp" />
    <ClCompile Include="Framework\Utilities\Audio.cpp" />
    <ClCompile Include="Framework\Utilities\BinaryReader.cpp" />
    <ClCompile Include="Framework\Utilities\BinaryWriter.cpp" />
    <ClCompile Include="Framework\Utilities\Font.cpp" />
    <ClCompile Include="Framework\Utilities\Keyboard.cpp" />
    <ClCompile Include="Framework\Utilities\Observer.cpp" />
    <ClCompile Include="Framework\Utilities\Timer.cpp" />
    <ClCompile Include="Framework\Utilities\tinyxml2.cpp" />
    <ClCompile Include="Framework\Utilities\Utility.cpp" />
    <ClCompile Include="Objects\Algorithm\Heap.cpp" />
    <ClCompile Include="Manager\GameManager.cpp" />
    <ClCompile Include="Manager\SceneManager.cpp" />
    <ClCompile Include="Objects\Algorithm\Node.cpp" />
    <ClCompile Include="Objects\Actor\ActorUI.cpp" />
    <ClCompile Include="Objects\Basic\Cube.cpp" />
    <ClCompile Include="Objects\Basic\Cylinder.cpp" />
    <ClCompile Include="Objects\Basic\GameObject.cpp" />
    <ClCompile Include="Objects\Basic\Quad.cpp" />
    <ClCompile Include="Objects\Basic\Sphere.cpp" />
    <ClCompile Include="Objects\Character\Human.cpp" />
    <ClCompile Include="Objects\Character\Naruto.cpp" />
    <ClCompile Include="Objects\Character\Robot.cpp" />
    <ClCompile Include="Objects\Items\Weapons\Crowbar.cpp" />
    <ClCompile Include="Objects\Items\Weapons\Kunai.cpp" />
    <ClCompile Include="Objects\Landscape\SkyBox.cpp" />
    <ClCompile Include="Objects\Landscape\Terrain.cpp" />
    <ClCompile Include="Objects\Landscape\TerrainEditor.cpp" />
    <ClCompile Include="Objects\Manager\BlockManager.cpp" />
    <ClCompile Include="Objects\Manager\KunaiManager.cpp" />
    <ClCompile Include="Objects\Manager\RobotManager.cpp" />
    <ClCompile Include="Objects\UI\ProgressBar.cpp" />
    <ClCompile Include="Scenes\CollisionScene.cpp" />
    <ClCompile Include="Scenes\CubeScene.cpp" />
    <ClCompile Include="Scenes\GameScene.cpp" />
    <ClCompile Include="Scenes\GBufferScene.cpp" />
    <ClCompile Include="Scenes\GridScene.cpp" />
    <ClCompile Include="Scenes\HumanScene.cpp" />
    <ClCompile Include="Scenes\IntancingScene.cpp" />
    <ClCompile Include="Scenes\LightScene.cpp" />
    <ClCompile Include="Scenes\ModelAnimationScene.cpp" />
    <ClCompile Include="Scenes\ModelExportScene.cpp" />
    <ClCompile Include="Scenes\ModelRenderScene.cpp" />
    <ClCompile Include="Scenes\RenderTargetScene.cpp" />
    <ClCompile Include="Scenes\ShadowScene.cpp" />
    <ClCompile Include="Scenes\SphereScene.cpp" />
    <ClCompile Include="Scenes\TerrainEditorScene.cpp" />
    <ClCompile Include="Scenes\TerrainScene.cpp" />
    <ClCompile Include="Objects\Test\TestLight.cpp" />
    <ClCompile Include="Objects\Particle\Sprite.cpp" />
    <ClCompile Include="Objects\Particle\Snow.cpp" />
    <ClCompile Include="Objects\Particle\Spark.cpp" />
    <ClCompile Include="Objects\Particle\Trail.cpp" />
    <ClCompile Include="Scenes\WaterScene.cpp" />
    <ClCompile Include="Objects\Landscape\Water.cpp" />
    <ClCompile Include="Objects\Landscape\TerrainData.cpp" />
    <ClCompile Include="Objects\Landscape\TerrainLOD.cpp" />
    <ClCompile Include="Scenes\TerrainLODScene.cpp" />
    <ClCompile Include="Scenes\TessellationScene.cpp" />
    <ClCompile Include="Scenes\DevScene\TestScene.cpp" />
    <ClCompile Include="Objects\Item\Weapon.cpp" />
    <ClCompile Include="Objects\Shop\Shop.cpp" />
    <ClCompile Include="Objects\Monster\Skeleton_Knight.cpp" />
    <ClCompile Include="Objects\Character_ver2\ProtectionWarrior_in.cpp" />
    <ClCompile Include="Objects\Character_ver2\CH_Base_ver2.cpp" />
    <ClCompile Include="Objects\Skills\Base\ActiveSkill.cpp" />
    <ClCompile Include="Objects\Skills\Base\PassiveSkill.cpp" />
  </ItemGroup>
  <ItemGroup>
    <ClInclude Include="Objects\Skills\FireBall.h" />
    <ClInclude Include="Objects\Character_\ArmsWarrior.h" />
    <ClInclude Include="Objects\Character_\FireMage.h" />
    <ClInclude Include="Objects\Character_\HolyPriest.h" />
    <ClInclude Include="Objects\Character_\ProtectionWarrior.h" />
    <ClInclude Include="Objects\Skills\Base\NonTargetSkill.h" />
    <ClInclude Include="Objects\Monster\MonsterBase.h" />
    <ClInclude Include="Objects\Monster\Skeleton.h" />
    <ClInclude Include="Objects\Skills\Base\SkillBase.h" />
    <ClInclude Include="Objects\Skills\Base\TargetSkill.h" />
    <ClInclude Include="Objects\Skills\ProtectionWarrior_Skill\P_001_Avengers_Shield.h" />
    <ClInclude Include="Objects\Monster\Scarecrow.h" />
    <ClInclude Include="Scenes\KimScene.h" />
    <ClInclude Include="Objects\Character_\CH_Base.h" />
    <ClInclude Include="Objects\Inventory\Slot.h" />
    <ClInclude Include="Objects\UI\Button.h" />
    <ClInclude Include="Framework\Environment\Reflection.h" />
    <ClInclude Include="Framework\Environment\Refraction.h" />
    <ClInclude Include="Framework\Shader\DomainShader.h" />
    <ClInclude Include="Framework\Shader\HullShader.h" />
    <ClInclude Include="Objects\Inventory\Inventory.h" />
    <ClInclude Include="Objects\Item\Item.h" />
    <ClInclude Include="Objects\Item\Potion.h" />
    <ClInclude Include="Scenes\MirrorScene.h" />
    <ClInclude Include="Objects\Algorithm\AStar.h" />
    <ClInclude Include="Objects\Particle\ParticleSystem.h" />
    <ClInclude Include="Objects\Particle\Particle.h" />
    <ClInclude Include="Objects\Particle\Rain.h" />
    <ClInclude Include="Objects\Landscape\QuadTreeTerrain.h" />
    <ClInclude Include="Objects\Static\Reflector.h" />
    <ClInclude Include="Scenes\QuadTreeScene.h" />
    <ClInclude Include="Scenes\ParticleConfigScene.h" />
    <ClInclude Include="Scenes\ParticleScene.h" />
    <ClInclude Include="Scenes\BillboardScene.h" />
    <ClInclude Include="Scenes\AStarScene.h" />
    <ClInclude Include="DirectX3D.h" />
    <ClInclude Include="Objects\Character\Fox.h" />
    <ClInclude Include="Framework.h" />
    <ClInclude Include="Framework\Buffer\ConstBuffer.h" />
    <ClInclude Include="Framework\Buffer\GlobalBuffer.h" />
    <ClInclude Include="Framework\Buffer\IndexBuffer.h" />
    <ClInclude Include="Framework\Buffer\RawBuffer.h" />
    <ClInclude Include="Framework\Buffer\StructuredBuffer.h" />
    <ClInclude Include="Framework\Buffer\VertexBuffer.h" />
    <ClInclude Include="Framework\Buffer\VertexLayouts.h" />
    <ClInclude Include="Framework\Collision\BoxCollider.h" />
    <ClInclude Include="Framework\Collision\CapsuleCollider.h" />
    <ClInclude Include="Framework\Collision\Collider.h" />
    <ClInclude Include="Framework\Collision\SphereCollider.h" />
    <ClInclude Include="Framework\Environment\Camera.h" />
    <ClInclude Include="Framework\Environment\Environment.h" />
    <ClInclude Include="Framework\Environment\Shadow.h" />
    <ClInclude Include="Framework\Math\GameMath.h" />
    <ClInclude Include="Framework\Math\Transform.h" />
    <ClInclude Include="Framework\Math\Vector2.h" />
    <ClInclude Include="Framework\Math\Vector3.h" />
    <ClInclude Include="Framework\Model\ModelAnimator.h" />
    <ClInclude Include="Framework\Model\ModelAnimatorInstancing.h" />
    <ClInclude Include="Framework\Model\ModelClip.h" />
    <ClInclude Include="Framework\Model\ModelData.h" />
    <ClInclude Include="Framework\Model\ModelExporter.h" />
    <ClInclude Include="Framework\Model\ModelInstancing.h" />
    <ClInclude Include="Framework\Model\ModelMesh.h" />
    <ClInclude Include="Framework\Model\Model.h" />
    <ClInclude Include="Framework\Render\DepthStencil.h" />
    <ClInclude Include="Framework\Render\GBuffer.h" />
    <ClInclude Include="Framework\Render\Material.h" />
    <ClInclude Include="Framework\Render\Mesh.h" />
    <ClInclude Include="Framework\Render\RenderTarget.h" />
    <ClInclude Include="Framework\Render\Texture.h" />
    <ClInclude Include="Framework\Shader\ComputeShader.h" />
    <ClInclude Include="Framework\Shader\GeometryShader.h" />
    <ClInclude Include="Framework\Shader\PixelShader.h" />
    <ClInclude Include="Framework\Shader\Shader.h" />
    <ClInclude Include="Framework\Shader\VertexShader.h" />
    <ClInclude Include="Framework\State\BlendState.h" />
    <ClInclude Include="Framework\State\DepthStencilState.h" />
    <ClInclude Include="Framework\State\RasterizerState.h" />
    <ClInclude Include="Framework\State\SamplerState.h" />
    <ClInclude Include="Framework\System\Device.h" />
    <ClInclude Include="Framework\Utilities\Audio.h" />
    <ClInclude Include="Framework\Utilities\BinaryReader.h" />
    <ClInclude Include="Framework\Utilities\BinaryWriter.h" />
    <ClInclude Include="Framework\Utilities\Font.h" />
    <ClInclude Include="Framework\Utilities\Keyboard.h" />
    <ClInclude Include="Framework\Utilities\Observer.h" />
    <ClInclude Include="Framework\Utilities\Singleton.h" />
    <ClInclude Include="Framework\Utilities\Timer.h" />
    <ClInclude Include="Framework\Utilities\tinyxml2.h" />
    <ClInclude Include="Framework\Utilities\Utility.h" />
    <ClInclude Include="Objects\Algorithm\Heap.h" />
    <ClInclude Include="Manager\GameManager.h" />
    <ClInclude Include="Manager\SceneManager.h" />
    <ClInclude Include="Objects\Algorithm\Node.h" />
    <ClInclude Include="Objects\Actor\ActorUI.h" />
    <ClInclude Include="Objects\Basic\Cube.h" />
    <ClInclude Include="Objects\Basic\Cylinder.h" />
    <ClInclude Include="Objects\Basic\GameObject.h" />
    <ClInclude Include="Objects\Basic\Quad.h" />
    <ClInclude Include="Objects\Basic\Sphere.h" />
    <ClInclude Include="Objects\Character\Human.h" />
    <ClInclude Include="Objects\Character\Naruto.h" />
    <ClInclude Include="Objects\Character\Robot.h" />
    <ClInclude Include="Objects\Items\Weapons\Crowbar.h" />
    <ClInclude Include="Objects\Items\Weapons\Kunai.h" />
    <ClInclude Include="Objects\Landscape\SkyBox.h" />
    <ClInclude Include="Objects\Landscape\Terrain.h" />
    <ClInclude Include="Objects\Landscape\TerrainEditor.h" />
    <ClInclude Include="Objects\Manager\BlockManager.h" />
    <ClInclude Include="Objects\Manager\KunaiManager.h" />
    <ClInclude Include="Objects\Manager\RobotManager.h" />
    <ClInclude Include="Objects\UI\ProgressBar.h" />
    <ClInclude Include="Resource.h" />
    <ClInclude Include="Scenes\CollisionScene.h" />
    <ClInclude Include="Scenes\CubeScene.h" />
    <ClInclude Include="Scenes\GameScene.h" />
    <ClInclude Include="Scenes\GBufferScene.h" />
    <ClInclude Include="Scenes\GridScene.h" />
    <ClInclude Include="Scenes\HumanScene.h" />
    <ClInclude Include="Scenes\IntancingScene.h" />
    <ClInclude Include="Scenes\LightScene.h" />
    <ClInclude Include="Scenes\ModelAnimationScene.h" />
    <ClInclude Include="Scenes\ModelExportScene.h" />
    <ClInclude Include="Scenes\ModelRenderScene.h" />
    <ClInclude Include="Scenes\RenderTargetScene.h" />
    <ClInclude Include="Scenes\Scene.h" />
    <ClInclude Include="Scenes\ShadowScene.h" />
    <ClInclude Include="Scenes\SphereScene.h" />
    <ClInclude Include="Scenes\TerrainEditorScene.h" />
    <ClInclude Include="Scenes\TerrainScene.h" />
    <ClInclude Include="Objects\Particle\Sprite.h" />
    <ClInclude Include="Objects\Particle\Snow.h" />
    <ClInclude Include="Objects\Particle\Spark.h" />
    <ClInclude Include="Objects\Shop\Shop.h" />
    <ClInclude Include="Objects\Monster\Skeleton_Knight.h" />
    <ClInclude Include="targetver.h" />
    <ClInclude Include="Objects\Test\TestLight.h" />
    <ClInclude Include="Objects\Particle\Trail.h" />
    <ClInclude Include="Scenes\WaterScene.h" />
    <ClInclude Include="Objects\Landscape\Water.h" />
    <ClInclude Include="Objects\Landscape\TerrainData.h" />
    <ClInclude Include="Objects\Landscape\TerrainLOD.h" />
    <ClInclude Include="Scenes\TerrainLODScene.h" />
    <ClInclude Include="Scenes\TessellationScene.h" />
    <ClInclude Include="Scenes\DevScene\TestScene.h" />
    <ClInclude Include="Objects\Item\Weapon.h" />
    <ClInclude Include="Objects\Character_ver2\ProtectionWarrior_in.h" />
    <ClInclude Include="Objects\Character_ver2\CH_Base_ver2.h" />
    <ClInclude Include="Objects\Skills\Base\ActiveSkill.h" />
    <ClInclude Include="Objects\Skills\Base\PassiveSkill.h" />
  </ItemGroup>
  <ItemGroup>
    <ResourceCompile Include="DirectX3D.rc" />
  </ItemGroup>
  <ItemGroup>
    <Image Include="..\..\DirectX2D\DirectX2D\Textures\UI\Cancel.png" />
    <Image Include="DirectX3D.ico" />
    <Image Include="small.ico" />
  </ItemGroup>
  <ItemGroup>
    <None Include="Shaders\PixelHeader.hlsli" />
    <None Include="Shaders\VertexHeader.hlsli" />
  </ItemGroup>
</Project>